
Microsoft Visual Studio Solution File, Format Version 12.00
# Visual Studio Version 16
VisualStudioVersion = 16.0.30320.27
MinimumVisualStudioVersion = 10.0.40219.1
Project("{FAE04EC0-301F-11D3-BF4B-00C04F79EFBC}") = "EvidenciaAprendizaje", "EvidenciaAprendizaje\EvidenciaAprendizaje.csproj", "{DF50290F-3D2C-4B91-AF82-25F2E27441F4}"
EndProject
Global
	GlobalSection(SolutionConfigurationPlatforms) = preSolution
		Debug|Any CPU = Debug|Any CPU
		Release|Any CPU = Release|Any CPU
	EndGlobalSection
	GlobalSection(ProjectConfigurationPlatforms) = postSolution
		{DF50290F-3D2C-4B91-AF82-25F2E27441F4}.Debug|Any CPU.ActiveCfg = Debug|Any CPU
		{DF50290F-3D2C-4B91-AF82-25F2E27441F4}.Debug|Any CPU.Build.0 = Debug|Any CPU
		{DF50290F-3D2C-4B91-AF82-25F2E27441F4}.Release|Any CPU.ActiveCfg = Release|Any CPU
		{DF50290F-3D2C-4B91-AF82-25F2E27441F4}.Release|Any CPU.Build.0 = Release|Any CPU
	EndGlobalSection
	GlobalSection(SolutionProperties) = preSolution
		HideSolutionNode = FALSE
	EndGlobalSection
	GlobalSection(ExtensibilityGlobals) = postSolution
		SolutionGuid = {C4EF537F-26DA-49A0-87E2-3EAC89984226}
	EndGlobalSection
EndGlobal
