
Microsoft Visual Studio Solution File, Format Version 12.00
# Visual Studio Version 16
VisualStudioVersion = 16.0.30320.27
MinimumVisualStudioVersion = 10.0.40219.1
Project("{FAE04EC0-301F-11D3-BF4B-00C04F79EFBC}") = "Actividad4", "Actividad4\Actividad4.csproj", "{7286FF99-FC90-4233-9679-88768E9D1A3D}"
EndProject
Global
	GlobalSection(SolutionConfigurationPlatforms) = preSolution
		Debug|Any CPU = Debug|Any CPU
		Release|Any CPU = Release|Any CPU
	EndGlobalSection
	GlobalSection(ProjectConfigurationPlatforms) = postSolution
		{7286FF99-FC90-4233-9679-88768E9D1A3D}.Debug|Any CPU.ActiveCfg = Debug|Any CPU
		{7286FF99-FC90-4233-9679-88768E9D1A3D}.Debug|Any CPU.Build.0 = Debug|Any CPU
		{7286FF99-FC90-4233-9679-88768E9D1A3D}.Release|Any CPU.ActiveCfg = Release|Any CPU
		{7286FF99-FC90-4233-9679-88768E9D1A3D}.Release|Any CPU.Build.0 = Release|Any CPU
	EndGlobalSection
	GlobalSection(SolutionProperties) = preSolution
		HideSolutionNode = FALSE
	EndGlobalSection
	GlobalSection(ExtensibilityGlobals) = postSolution
		SolutionGuid = {A02EB77E-8C5D-4671-84B2-452B745BB111}
	EndGlobalSection
EndGlobal
